
Microsoft Visual Studio Solution File, Format Version 12.00
# Visual Studio 2015
Project("{FAE04EC0-301F-11D3-BF4B-00C04F79EFBC}") = "CSGOSUper.Plugins", "CSGOSUper.Plugins.csproj", "{7F5568EF-DBE6-0EA2-D890-92A7B5C3C1FB}"
EndProject
Project("{FAE04EC0-301F-11D3-BF4B-00C04F79EFBC}") = "CSGOSUper", "CSGOSUper.csproj", "{B94F6E1C-E3FB-5E68-F137-4966E85C7B25}"
EndProject
Project("{FAE04EC0-301F-11D3-BF4B-00C04F79EFBC}") = "CSGOSUper.Editor.Plugins", "CSGOSUper.Editor.Plugins.csproj", "{77E6A326-DFB9-BDCF-269E-83321809286D}"
EndProject
Project("{FAE04EC0-301F-11D3-BF4B-00C04F79EFBC}") = "CSGOSUper.Editor", "CSGOSUper.Editor.csproj", "{8C250B0B-DBBA-E551-AED8-80F3239E1F80}"
EndProject
Global
	GlobalSection(SolutionConfigurationPlatforms) = preSolution
		Debug|Any CPU = Debug|Any CPU
		Release|Any CPU = Release|Any CPU
	EndGlobalSection
	GlobalSection(ProjectConfigurationPlatforms) = postSolution
		{7F5568EF-DBE6-0EA2-D890-92A7B5C3C1FB}.Debug|Any CPU.ActiveCfg = Debug|Any CPU
		{7F5568EF-DBE6-0EA2-D890-92A7B5C3C1FB}.Debug|Any CPU.Build.0 = Debug|Any CPU
		{7F5568EF-DBE6-0EA2-D890-92A7B5C3C1FB}.Release|Any CPU.ActiveCfg = Release|Any CPU
		{7F5568EF-DBE6-0EA2-D890-92A7B5C3C1FB}.Release|Any CPU.Build.0 = Release|Any CPU
		{B94F6E1C-E3FB-5E68-F137-4966E85C7B25}.Debug|Any CPU.ActiveCfg = Debug|Any CPU
		{B94F6E1C-E3FB-5E68-F137-4966E85C7B25}.Debug|Any CPU.Build.0 = Debug|Any CPU
		{B94F6E1C-E3FB-5E68-F137-4966E85C7B25}.Release|Any CPU.ActiveCfg = Release|Any CPU
		{B94F6E1C-E3FB-5E68-F137-4966E85C7B25}.Release|Any CPU.Build.0 = Release|Any CPU
		{77E6A326-DFB9-BDCF-269E-83321809286D}.Debug|Any CPU.ActiveCfg = Debug|Any CPU
		{77E6A326-DFB9-BDCF-269E-83321809286D}.Debug|Any CPU.Build.0 = Debug|Any CPU
		{77E6A326-DFB9-BDCF-269E-83321809286D}.Release|Any CPU.ActiveCfg = Release|Any CPU
		{77E6A326-DFB9-BDCF-269E-83321809286D}.Release|Any CPU.Build.0 = Release|Any CPU
		{8C250B0B-DBBA-E551-AED8-80F3239E1F80}.Debug|Any CPU.ActiveCfg = Debug|Any CPU
		{8C250B0B-DBBA-E551-AED8-80F3239E1F80}.Debug|Any CPU.Build.0 = Debug|Any CPU
		{8C250B0B-DBBA-E551-AED8-80F3239E1F80}.Release|Any CPU.ActiveCfg = Release|Any CPU
		{8C250B0B-DBBA-E551-AED8-80F3239E1F80}.Release|Any CPU.Build.0 = Release|Any CPU
	EndGlobalSection
	GlobalSection(SolutionProperties) = preSolution
		HideSolutionNode = FALSE
	EndGlobalSection
EndGlobal
